{
  "name": "1_cao1",
  "version": "1.0.0",
  "lockfileVersion": 3,
  "requires": true,
  "packages": {
    "": {
      "version": "1.0.0",
      "dependencies": {
        "casual": "^1.6.2"
      }
    },
    "node_modules/casual": {
      "version": "1.6.2",
      "resolved": "https://registry.npmjs.org/casual/-/casual-1.6.2.tgz",
      "integrity": "sha512-NQObL800rg32KZ9bBajHbyDjxLXxxuShChQg7A4tbSeG3n1t7VYGOSkzFSI9gkSgOHp+xilEJ7G0L5l6M30KYA==",
      "dependencies": {
        "mersenne-twister": "^1.0.1",
        "moment": "^2.15.2"
      }
    },
    "node_modules/mersenne-twister": {
      "version": "1.1.0",
      "resolved": "https://registry.npmjs.org/mersenne-twister/-/mersenne-twister-1.1.0.tgz",
      "integrity": "sha512-mUYWsMKNrm4lfygPkL3OfGzOPTR2DBlTkBNHM//F6hGp8cLThY897crAlk3/Jo17LEOOjQUrNAx6DvgO77QJkA=="
    },
    "node_modules/moment": {
      "version": "2.30.1",
      "resolved": "https://registry.npmjs.org/moment/-/moment-2.30.1.tgz",
      "integrity": "sha512-uEmtNhbDOrWPFS+hdjFCBfy9f2YoyzRpwcl+DqpC6taX21FzsTLQVbMV/W7PzNSX6x/bhC1zA3c2UQ5NzH6how==",
      "engines": {
        "node": "*"
      }
    }
  }
}
